
Microsoft Visual Studio Solution File, Format Version 12.00
# Visual Studio 2017
Project("{FAE04EC0-301F-11D3-BF4B-00C04F79EFBC}") = "Arachnid Guy", "Arachnid Guy.csproj", "{2F4872E9-19BA-781E-92EA-3BF105FC2708}"
EndProject
Project("{FAE04EC0-301F-11D3-BF4B-00C04F79EFBC}") = "Arachnid Guy.Editor", "Arachnid Guy.Editor.csproj", "{E7DDC30E-2D3C-DF5B-4962-EC444DF3554E}"
EndProject
Global
	GlobalSection(SolutionConfigurationPlatforms) = preSolution
		Debug|Any CPU = Debug|Any CPU
		Release|Any CPU = Release|Any CPU
	EndGlobalSection
	GlobalSection(ProjectConfigurationPlatforms) = postSolution
		{2F4872E9-19BA-781E-92EA-3BF105FC2708}.Debug|Any CPU.ActiveCfg = Debug|Any CPU
		{2F4872E9-19BA-781E-92EA-3BF105FC2708}.Debug|Any CPU.Build.0 = Debug|Any CPU
		{2F4872E9-19BA-781E-92EA-3BF105FC2708}.Release|Any CPU.ActiveCfg = Release|Any CPU
		{2F4872E9-19BA-781E-92EA-3BF105FC2708}.Release|Any CPU.Build.0 = Release|Any CPU
		{E7DDC30E-2D3C-DF5B-4962-EC444DF3554E}.Debug|Any CPU.ActiveCfg = Debug|Any CPU
		{E7DDC30E-2D3C-DF5B-4962-EC444DF3554E}.Debug|Any CPU.Build.0 = Debug|Any CPU
		{E7DDC30E-2D3C-DF5B-4962-EC444DF3554E}.Release|Any CPU.ActiveCfg = Release|Any CPU
		{E7DDC30E-2D3C-DF5B-4962-EC444DF3554E}.Release|Any CPU.Build.0 = Release|Any CPU
	EndGlobalSection
	GlobalSection(SolutionProperties) = preSolution
		HideSolutionNode = FALSE
	EndGlobalSection
EndGlobal
